
Microsoft Visual Studio Solution File, Format Version 12.00
# Visual Studio 15
VisualStudioVersion = 15.0.28010.0
MinimumVisualStudioVersion = 10.0.40219.1
Project("{FAE04EC0-301F-11D3-BF4B-00C04F79EFBC}") = "ProcessCsvInput", "ProcessCsvInput\ProcessCsvInput.csproj", "{5E8A2D55-8A0A-470B-B236-71EACEB655B6}"
EndProject
Project("{2150E333-8FDC-42A3-9474-1A3956D46DE8}") = "data", "data", "{FD80882B-93D3-4B5B-B0BC-69BAECDE5926}"
	ProjectSection(SolutionItems) = preProject
		data\input.csv = data\input.csv
	EndProjectSection
EndProject
Global
	GlobalSection(SolutionConfigurationPlatforms) = preSolution
		Debug|Any CPU = Debug|Any CPU
		Release|Any CPU = Release|Any CPU
	EndGlobalSection
	GlobalSection(ProjectConfigurationPlatforms) = postSolution
		{5E8A2D55-8A0A-470B-B236-71EACEB655B6}.Debug|Any CPU.ActiveCfg = Debug|Any CPU
		{5E8A2D55-8A0A-470B-B236-71EACEB655B6}.Debug|Any CPU.Build.0 = Debug|Any CPU
		{5E8A2D55-8A0A-470B-B236-71EACEB655B6}.Release|Any CPU.ActiveCfg = Release|Any CPU
		{5E8A2D55-8A0A-470B-B236-71EACEB655B6}.Release|Any CPU.Build.0 = Release|Any CPU
	EndGlobalSection
	GlobalSection(SolutionProperties) = preSolution
		HideSolutionNode = FALSE
	EndGlobalSection
	GlobalSection(ExtensibilityGlobals) = postSolution
		SolutionGuid = {8603CF04-C886-4788-8FA6-6C2B2EBFBDD8}
	EndGlobalSection
EndGlobal
